
Microsoft Visual Studio Solution File, Format Version 12.00
# Visual Studio Version 17
VisualStudioVersion = 17.7.34221.43
MinimumVisualStudioVersion = 10.0.40219.1
Project("{8BC9CEB8-8B4A-11D0-8D11-00A0C91BC942}") = "triangle", "learn-opengl-projects\learn-opengl-projects.vcxproj", "{8CD424DD-9C23-4610-B111-1BEDF78277F3}"
EndProject
Project("{8BC9CEB8-8B4A-11D0-8D11-00A0C91BC942}") = "rectangle", "rectangle\rectangle.vcxproj", "{98B935D6-54CB-477A-8A56-5FA72A3461EC}"
EndProject
Project("{8BC9CEB8-8B4A-11D0-8D11-00A0C91BC942}") = "triangle2", "triangles2\triangles2.vcxproj", "{718D7B04-6B42-4487-8BA0-90D7FC5C2F7F}"
EndProject
Project("{8BC9CEB8-8B4A-11D0-8D11-00A0C91BC942}") = "triangle3", "triangle3\triangle3.vcxproj", "{B291064C-C341-4164-95A3-890E45CEDB2D}"
EndProject
Project("{8BC9CEB8-8B4A-11D0-8D11-00A0C91BC942}") = "triangle4", "triangle4\triangle4.vcxproj", "{7B77FF1F-F912-48F6-87E9-23921149ADA6}"
EndProject
Project("{8BC9CEB8-8B4A-11D0-8D11-00A0C91BC942}") = "triangle5", "triangle5\triangle5.vcxproj", "{1B736499-227D-49C7-8971-D9ADCE30FE1E}"
EndProject
Project("{8BC9CEB8-8B4A-11D0-8D11-00A0C91BC942}") = "triangle6", "triangle6\triangle6.vcxproj", "{12C5D86B-45E6-4B5A-B9DF-6A830F7625DB}"
EndProject
Project("{8BC9CEB8-8B4A-11D0-8D11-00A0C91BC942}") = "triangle7", "triangle7\triangle7.vcxproj", "{DD2BCF57-D4B0-40C3-A197-7A2C47D9584A}"
EndProject
Project("{8BC9CEB8-8B4A-11D0-8D11-00A0C91BC942}") = "util", "util\util.vcxproj", "{DF2CB549-0EEC-4023-856E-EFC8D4FD90C5}"
EndProject
Project("{8BC9CEB8-8B4A-11D0-8D11-00A0C91BC942}") = "triangle8", "triangle8\triangle8.vcxproj", "{A1D4B3A5-3F8A-4D47-A058-4B1FC6EDAC17}"
EndProject
Project("{8BC9CEB8-8B4A-11D0-8D11-00A0C91BC942}") = "triangle9", "triangle9\triangle9.vcxproj", "{7EE27331-B5F6-4FE8-B6DB-FCFC5A9D1362}"
EndProject
Project("{8BC9CEB8-8B4A-11D0-8D11-00A0C91BC942}") = "triangle10", "triangle10\triangle10.vcxproj", "{F3D16DFA-AF1A-4660-9770-DB31EAD7BFC4}"
EndProject
Project("{8BC9CEB8-8B4A-11D0-8D11-00A0C91BC942}") = "rectangle-texture", "triangle-texture\triangle-texture.vcxproj", "{AE66E88A-DFE6-43F6-929D-549C5064907D}"
EndProject
Project("{8BC9CEB8-8B4A-11D0-8D11-00A0C91BC942}") = "rectangle-texture2", "rectangle-texture2\rectangle-texture2.vcxproj", "{1825A6A1-987D-4610-A805-1D54848A123E}"
EndProject
Project("{8BC9CEB8-8B4A-11D0-8D11-00A0C91BC942}") = "rectangle-two-textures", "rectangle-two-textures\rectangle-two-textures.vcxproj", "{F4E8A95B-8569-45FB-BC4E-980521901741}"
EndProject
Global
	GlobalSection(SolutionConfigurationPlatforms) = preSolution
		Debug|x64 = Debug|x64
		Debug|x86 = Debug|x86
		Release|x64 = Release|x64
		Release|x86 = Release|x86
	EndGlobalSection
	GlobalSection(ProjectConfigurationPlatforms) = postSolution
		{8CD424DD-9C23-4610-B111-1BEDF78277F3}.Debug|x64.ActiveCfg = Debug|x64
		{8CD424DD-9C23-4610-B111-1BEDF78277F3}.Debug|x64.Build.0 = Debug|x64
		{8CD424DD-9C23-4610-B111-1BEDF78277F3}.Debug|x86.ActiveCfg = Debug|Win32
		{8CD424DD-9C23-4610-B111-1BEDF78277F3}.Debug|x86.Build.0 = Debug|Win32
		{8CD424DD-9C23-4610-B111-1BEDF78277F3}.Release|x64.ActiveCfg = Release|x64
		{8CD424DD-9C23-4610-B111-1BEDF78277F3}.Release|x64.Build.0 = Release|x64
		{8CD424DD-9C23-4610-B111-1BEDF78277F3}.Release|x86.ActiveCfg = Release|Win32
		{8CD424DD-9C23-4610-B111-1BEDF78277F3}.Release|x86.Build.0 = Release|Win32
		{98B935D6-54CB-477A-8A56-5FA72A3461EC}.Debug|x64.ActiveCfg = Debug|x64
		{98B935D6-54CB-477A-8A56-5FA72A3461EC}.Debug|x64.Build.0 = Debug|x64
		{98B935D6-54CB-477A-8A56-5FA72A3461EC}.Debug|x86.ActiveCfg = Debug|Win32
		{98B935D6-54CB-477A-8A56-5FA72A3461EC}.Debug|x86.Build.0 = Debug|Win32
		{98B935D6-54CB-477A-8A56-5FA72A3461EC}.Release|x64.ActiveCfg = Release|x64
		{98B935D6-54CB-477A-8A56-5FA72A3461EC}.Release|x64.Build.0 = Release|x64
		{98B935D6-54CB-477A-8A56-5FA72A3461EC}.Release|x86.ActiveCfg = Release|Win32
		{98B935D6-54CB-477A-8A56-5FA72A3461EC}.Release|x86.Build.0 = Release|Win32
		{718D7B04-6B42-4487-8BA0-90D7FC5C2F7F}.Debug|x64.ActiveCfg = Debug|x64
		{718D7B04-6B42-4487-8BA0-90D7FC5C2F7F}.Debug|x64.Build.0 = Debug|x64
		{718D7B04-6B42-4487-8BA0-90D7FC5C2F7F}.Debug|x86.ActiveCfg = Debug|Win32
		{718D7B04-6B42-4487-8BA0-90D7FC5C2F7F}.Debug|x86.Build.0 = Debug|Win32
		{718D7B04-6B42-4487-8BA0-90D7FC5C2F7F}.Release|x64.ActiveCfg = Release|x64
		{718D7B04-6B42-4487-8BA0-90D7FC5C2F7F}.Release|x64.Build.0 = Release|x64
		{718D7B04-6B42-4487-8BA0-90D7FC5C2F7F}.Release|x86.ActiveCfg = Release|Win32
		{718D7B04-6B42-4487-8BA0-90D7FC5C2F7F}.Release|x86.Build.0 = Release|Win32
		{B291064C-C341-4164-95A3-890E45CEDB2D}.Debug|x64.ActiveCfg = Debug|x64
		{B291064C-C341-4164-95A3-890E45CEDB2D}.Debug|x64.Build.0 = Debug|x64
		{B291064C-C341-4164-95A3-890E45CEDB2D}.Debug|x86.ActiveCfg = Debug|Win32
		{B291064C-C341-4164-95A3-890E45CEDB2D}.Debug|x86.Build.0 = Debug|Win32
		{B291064C-C341-4164-95A3-890E45CEDB2D}.Release|x64.ActiveCfg = Release|x64
		{B291064C-C341-4164-95A3-890E45CEDB2D}.Release|x64.Build.0 = Release|x64
		{B291064C-C341-4164-95A3-890E45CEDB2D}.Release|x86.ActiveCfg = Release|Win32
		{B291064C-C341-4164-95A3-890E45CEDB2D}.Release|x86.Build.0 = Release|Win32
		{7B77FF1F-F912-48F6-87E9-23921149ADA6}.Debug|x64.ActiveCfg = Debug|x64
		{7B77FF1F-F912-48F6-87E9-23921149ADA6}.Debug|x64.Build.0 = Debug|x64
		{7B77FF1F-F912-48F6-87E9-23921149ADA6}.Debug|x86.ActiveCfg = Debug|Win32
		{7B77FF1F-F912-48F6-87E9-23921149ADA6}.Debug|x86.Build.0 = Debug|Win32
		{7B77FF1F-F912-48F6-87E9-23921149ADA6}.Release|x64.ActiveCfg = Release|x64
		{7B77FF1F-F912-48F6-87E9-23921149ADA6}.Release|x64.Build.0 = Release|x64
		{7B77FF1F-F912-48F6-87E9-23921149ADA6}.Release|x86.ActiveCfg = Release|Win32
		{7B77FF1F-F912-48F6-87E9-23921149ADA6}.Release|x86.Build.0 = Release|Win32
		{1B736499-227D-49C7-8971-D9ADCE30FE1E}.Debug|x64.ActiveCfg = Debug|x64
		{1B736499-227D-49C7-8971-D9ADCE30FE1E}.Debug|x64.Build.0 = Debug|x64
		{1B736499-227D-49C7-8971-D9ADCE30FE1E}.Debug|x86.ActiveCfg = Debug|Win32
		{1B736499-227D-49C7-8971-D9ADCE30FE1E}.Debug|x86.Build.0 = Debug|Win32
		{1B736499-227D-49C7-8971-D9ADCE30FE1E}.Release|x64.ActiveCfg = Release|x64
		{1B736499-227D-49C7-8971-D9ADCE30FE1E}.Release|x64.Build.0 = Release|x64
		{1B736499-227D-49C7-8971-D9ADCE30FE1E}.Release|x86.ActiveCfg = Release|Win32
		{1B736499-227D-49C7-8971-D9ADCE30FE1E}.Release|x86.Build.0 = Release|Win32
		{12C5D86B-45E6-4B5A-B9DF-6A830F7625DB}.Debug|x64.ActiveCfg = Debug|x64
		{12C5D86B-45E6-4B5A-B9DF-6A830F7625DB}.Debug|x64.Build.0 = Debug|x64
		{12C5D86B-45E6-4B5A-B9DF-6A830F7625DB}.Debug|x86.ActiveCfg = Debug|Win32
		{12C5D86B-45E6-4B5A-B9DF-6A830F7625DB}.Debug|x86.Build.0 = Debug|Win32
		{12C5D86B-45E6-4B5A-B9DF-6A830F7625DB}.Release|x64.ActiveCfg = Release|x64
		{12C5D86B-45E6-4B5A-B9DF-6A830F7625DB}.Release|x64.Build.0 = Release|x64
		{12C5D86B-45E6-4B5A-B9DF-6A830F7625DB}.Release|x86.ActiveCfg = Release|Win32
		{12C5D86B-45E6-4B5A-B9DF-6A830F7625DB}.Release|x86.Build.0 = Release|Win32
		{DD2BCF57-D4B0-40C3-A197-7A2C47D9584A}.Debug|x64.ActiveCfg = Debug|x64
		{DD2BCF57-D4B0-40C3-A197-7A2C47D9584A}.Debug|x64.Build.0 = Debug|x64
		{DD2BCF57-D4B0-40C3-A197-7A2C47D9584A}.Debug|x86.ActiveCfg = Debug|Win32
		{DD2BCF57-D4B0-40C3-A197-7A2C47D9584A}.Debug|x86.Build.0 = Debug|Win32
		{DD2BCF57-D4B0-40C3-A197-7A2C47D9584A}.Release|x64.ActiveCfg = Release|x64
		{DD2BCF57-D4B0-40C3-A197-7A2C47D9584A}.Release|x64.Build.0 = Release|x64
		{DD2BCF57-D4B0-40C3-A197-7A2C47D9584A}.Release|x86.ActiveCfg = Release|Win32
		{DD2BCF57-D4B0-40C3-A197-7A2C47D9584A}.Release|x86.Build.0 = Release|Win32
		{DF2CB549-0EEC-4023-856E-EFC8D4FD90C5}.Debug|x64.ActiveCfg = Debug|x64
		{DF2CB549-0EEC-4023-856E-EFC8D4FD90C5}.Debug|x64.Build.0 = Debug|x64
		{DF2CB549-0EEC-4023-856E-EFC8D4FD90C5}.Debug|x86.ActiveCfg = Debug|Win32
		{DF2CB549-0EEC-4023-856E-EFC8D4FD90C5}.Debug|x86.Build.0 = Debug|Win32
		{DF2CB549-0EEC-4023-856E-EFC8D4FD90C5}.Release|x64.ActiveCfg = Release|x64
		{DF2CB549-0EEC-4023-856E-EFC8D4FD90C5}.Release|x64.Build.0 = Release|x64
		{DF2CB549-0EEC-4023-856E-EFC8D4FD90C5}.Release|x86.ActiveCfg = Release|Win32
		{DF2CB549-0EEC-4023-856E-EFC8D4FD90C5}.Release|x86.Build.0 = Release|Win32
		{A1D4B3A5-3F8A-4D47-A058-4B1FC6EDAC17}.Debug|x64.ActiveCfg = Debug|x64
		{A1D4B3A5-3F8A-4D47-A058-4B1FC6EDAC17}.Debug|x64.Build.0 = Debug|x64
		{A1D4B3A5-3F8A-4D47-A058-4B1FC6EDAC17}.Debug|x86.ActiveCfg = Debug|Win32
		{A1D4B3A5-3F8A-4D47-A058-4B1FC6EDAC17}.Debug|x86.Build.0 = Debug|Win32
		{A1D4B3A5-3F8A-4D47-A058-4B1FC6EDAC17}.Release|x64.ActiveCfg = Release|x64
		{A1D4B3A5-3F8A-4D47-A058-4B1FC6EDAC17}.Release|x64.Build.0 = Release|x64
		{A1D4B3A5-3F8A-4D47-A058-4B1FC6EDAC17}.Release|x86.ActiveCfg = Release|Win32
		{A1D4B3A5-3F8A-4D47-A058-4B1FC6EDAC17}.Release|x86.Build.0 = Release|Win32
		{7EE27331-B5F6-4FE8-B6DB-FCFC5A9D1362}.Debug|x64.ActiveCfg = Debug|x64
		{7EE27331-B5F6-4FE8-B6DB-FCFC5A9D1362}.Debug|x64.Build.0 = Debug|x64
		{7EE27331-B5F6-4FE8-B6DB-FCFC5A9D1362}.Debug|x86.ActiveCfg = Debug|Win32
		{7EE27331-B5F6-4FE8-B6DB-FCFC5A9D1362}.Debug|x86.Build.0 = Debug|Win32
		{7EE27331-B5F6-4FE8-B6DB-FCFC5A9D1362}.Release|x64.ActiveCfg = Release|x64
		{7EE27331-B5F6-4FE8-B6DB-FCFC5A9D1362}.Release|x64.Build.0 = Release|x64
		{7EE27331-B5F6-4FE8-B6DB-FCFC5A9D1362}.Release|x86.ActiveCfg = Release|Win32
		{7EE27331-B5F6-4FE8-B6DB-FCFC5A9D1362}.Release|x86.Build.0 = Release|Win32
		{F3D16DFA-AF1A-4660-9770-DB31EAD7BFC4}.Debug|x64.ActiveCfg = Debug|x64
		{F3D16DFA-AF1A-4660-9770-DB31EAD7BFC4}.Debug|x64.Build.0 = Debug|x64
		{F3D16DFA-AF1A-4660-9770-DB31EAD7BFC4}.Debug|x86.ActiveCfg = Debug|Win32
		{F3D16DFA-AF1A-4660-9770-DB31EAD7BFC4}.Debug|x86.Build.0 = Debug|Win32
		{F3D16DFA-AF1A-4660-9770-DB31EAD7BFC4}.Release|x64.ActiveCfg = Release|x64
		{F3D16DFA-AF1A-4660-9770-DB31EAD7BFC4}.Release|x64.Build.0 = Release|x64
		{F3D16DFA-AF1A-4660-9770-DB31EAD7BFC4}.Release|x86.ActiveCfg = Release|Win32
		{F3D16DFA-AF1A-4660-9770-DB31EAD7BFC4}.Release|x86.Build.0 = Release|Win32
		{AE66E88A-DFE6-43F6-929D-549C5064907D}.Debug|x64.ActiveCfg = Debug|x64
		{AE66E88A-DFE6-43F6-929D-549C5064907D}.Debug|x64.Build.0 = Debug|x64
		{AE66E88A-DFE6-43F6-929D-549C5064907D}.Debug|x86.ActiveCfg = Debug|Win32
		{AE66E88A-DFE6-43F6-929D-549C5064907D}.Debug|x86.Build.0 = Debug|Win32
		{AE66E88A-DFE6-43F6-929D-549C5064907D}.Release|x64.ActiveCfg = Release|x64
		{AE66E88A-DFE6-43F6-929D-549C5064907D}.Release|x64.Build.0 = Release|x64
		{AE66E88A-DFE6-43F6-929D-549C5064907D}.Release|x86.ActiveCfg = Release|Win32
		{AE66E88A-DFE6-43F6-929D-549C5064907D}.Release|x86.Build.0 = Release|Win32
		{1825A6A1-987D-4610-A805-1D54848A123E}.Debug|x64.ActiveCfg = Debug|x64
		{1825A6A1-987D-4610-A805-1D54848A123E}.Debug|x64.Build.0 = Debug|x64
		{1825A6A1-987D-4610-A805-1D54848A123E}.Debug|x86.ActiveCfg = Debug|Win32
		{1825A6A1-987D-4610-A805-1D54848A123E}.Debug|x86.Build.0 = Debug|Win32
		{1825A6A1-987D-4610-A805-1D54848A123E}.Release|x64.ActiveCfg = Release|x64
		{1825A6A1-987D-4610-A805-1D54848A123E}.Release|x64.Build.0 = Release|x64
		{1825A6A1-987D-4610-A805-1D54848A123E}.Release|x86.ActiveCfg = Release|Win32
		{1825A6A1-987D-4610-A805-1D54848A123E}.Release|x86.Build.0 = Release|Win32
		{F4E8A95B-8569-45FB-BC4E-980521901741}.Debug|x64.ActiveCfg = Debug|x64
		{F4E8A95B-8569-45FB-BC4E-980521901741}.Debug|x64.Build.0 = Debug|x64
		{F4E8A95B-8569-45FB-BC4E-980521901741}.Debug|x86.ActiveCfg = Debug|Win32
		{F4E8A95B-8569-45FB-BC4E-980521901741}.Debug|x86.Build.0 = Debug|Win32
		{F4E8A95B-8569-45FB-BC4E-980521901741}.Release|x64.ActiveCfg = Release|x64
		{F4E8A95B-8569-45FB-BC4E-980521901741}.Release|x64.Build.0 = Release|x64
		{F4E8A95B-8569-45FB-BC4E-980521901741}.Release|x86.ActiveCfg = Release|Win32
		{F4E8A95B-8569-45FB-BC4E-980521901741}.Release|x86.Build.0 = Release|Win32
	EndGlobalSection
	GlobalSection(SolutionProperties) = preSolution
		HideSolutionNode = FALSE
	EndGlobalSection
	GlobalSection(ExtensibilityGlobals) = postSolution
		SolutionGuid = {AB139042-15B6-466B-A674-CF5D9547D4D2}
	EndGlobalSection
EndGlobal
