
Microsoft Visual Studio Solution File, Format Version 12.00
# Visual Studio Version 17
VisualStudioVersion = 17.7.34221.43
MinimumVisualStudioVersion = 10.0.40219.1
Project("{8BC9CEB8-8B4A-11D0-8D11-00A0C91BC942}") = "triangle", "learn-opengl-projects\learn-opengl-projects.vcxproj", "{8CD424DD-9C23-4610-B111-1BEDF78277F3}"
EndProject
Project("{8BC9CEB8-8B4A-11D0-8D11-00A0C91BC942}") = "rectangle", "rectangle\rectangle.vcxproj", "{98B935D6-54CB-477A-8A56-5FA72A3461EC}"
EndProject
Project("{8BC9CEB8-8B4A-11D0-8D11-00A0C91BC942}") = "triangle2", "triangles2\triangles2.vcxproj", "{718D7B04-6B42-4487-8BA0-90D7FC5C2F7F}"
EndProject
Project("{8BC9CEB8-8B4A-11D0-8D11-00A0C91BC942}") = "triangle3", "triangle3\triangle3.vcxproj", "{B291064C-C341-4164-95A3-890E45CEDB2D}"
EndProject
Project("{8BC9CEB8-8B4A-11D0-8D11-00A0C91BC942}") = "triangle4", "triangle4\triangle4.vcxproj", "{7B77FF1F-F912-48F6-87E9-23921149ADA6}"
EndProject
Project("{8BC9CEB8-8B4A-11D0-8D11-00A0C91BC942}") = "triangle5", "triangle5\triangle5.vcxproj", "{1B736499-227D-49C7-8971-D9ADCE30FE1E}"
EndProject
Project("{8BC9CEB8-8B4A-11D0-8D11-00A0C91BC942}") = "triangle6", "triangle6\triangle6.vcxproj", "{12C5D86B-45E6-4B5A-B9DF-6A830F7625DB}"
EndProject
Project("{8BC9CEB8-8B4A-11D0-8D11-00A0C91BC942}") = "triangle7", "triangle7\triangle7.vcxproj", "{DD2BCF57-D4B0-40C3-A197-7A2C47D9584A}"
EndProject
Project("{8BC9CEB8-8B4A-11D0-8D11-00A0C91BC942}") = "util", "util\util.vcxproj", "{DF2CB549-0EEC-4023-856E-EFC8D4FD90C5}"
EndProject
Project("{8BC9CEB8-8B4A-11D0-8D11-00A0C91BC942}") = "triangle8", "triangle8\triangle8.vcxproj", "{A1D4B3A5-3F8A-4D47-A058-4B1FC6EDAC17}"
EndProject
Project("{8BC9CEB8-8B4A-11D0-8D11-00A0C91BC942}") = "triangle9", "triangle9\triangle9.vcxproj", "{7EE27331-B5F6-4FE8-B6DB-FCFC5A9D1362}"
EndProject
Project("{8BC9CEB8-8B4A-11D0-8D11-00A0C91BC942}") = "triangle10", "triangle10\triangle10.vcxproj", "{F3D16DFA-AF1A-4660-9770-DB31EAD7BFC4}"
EndProject
Project("{8BC9CEB8-8B4A-11D0-8D11-00A0C91BC942}") = "rectangle-texture", "triangle-texture\triangle-texture.vcxproj", "{AE66E88A-DFE6-43F6-929D-549C5064907D}"
EndProject
Project("{8BC9CEB8-8B4A-11D0-8D11-00A0C91BC942}") = "rectangle-texture2", "rectangle-texture2\rectangle-texture2.vcxproj", "{1825A6A1-987D-4610-A805-1D54848A123E}"
EndProject
Project("{8BC9CEB8-8B4A-11D0-8D11-00A0C91BC942}") = "rectangle-two-textures", "rectangle-two-textures\rectangle-two-textures.vcxproj", "{F4E8A95B-8569-45FB-BC4E-980521901741}"
EndProject
Project("{8BC9CEB8-8B4A-11D0-8D11-00A0C91BC942}") = "rectangle-two-textures2", "rectangle-two-textures2\rectangle-two-textures2.vcxproj", "{03688367-35E4-4801-B4A4-30C4772A25FD}"
EndProject
Project("{8BC9CEB8-8B4A-11D0-8D11-00A0C91BC942}") = "rectangle-rotation", "rectangle-rotation\rectangle-rotation.vcxproj", "{B551A1F8-88E7-4A89-BAA5-5977193980CA}"
EndProject
Project("{8BC9CEB8-8B4A-11D0-8D11-00A0C91BC942}") = "rectangle-rotation-continuous", "rectangle-roation-continuous\rectangle-roation-continuous.vcxproj", "{8961BEB5-DAE5-4DBA-BD83-2D2CF7CA9596}"
EndProject
Project("{8BC9CEB8-8B4A-11D0-8D11-00A0C91BC942}") = "rectangle-rotation-continuous2", "rectangle-rotation-continuous2\rectangle-rotation-continuous2.vcxproj", "{F50949E0-BCDD-410B-BD4D-FFE9BE16288C}"
EndProject
Project("{8BC9CEB8-8B4A-11D0-8D11-00A0C91BC942}") = "rectangle-perspective", "rectangle-perspective\rectangle-perspective.vcxproj", "{016A4A29-E1C1-4B04-A6DB-9A79416BD2A0}"
EndProject
Project("{8BC9CEB8-8B4A-11D0-8D11-00A0C91BC942}") = "cube", "cube\cube.vcxproj", "{4C7E0ABD-83B0-44B3-955A-413EB946E64F}"
EndProject
Project("{8BC9CEB8-8B4A-11D0-8D11-00A0C91BC942}") = "cube-many", "cube-many\cube-many.vcxproj", "{EC277FC7-A07A-4495-8E5A-C68BC75AD73B}"
EndProject
Project("{8BC9CEB8-8B4A-11D0-8D11-00A0C91BC942}") = "camera-rotate-around-scene", "camera-rotate-around-scene\camera-rotate-around-scene.vcxproj", "{77E818CD-2EED-429F-8B84-75B80EB53297}"
EndProject
Project("{8BC9CEB8-8B4A-11D0-8D11-00A0C91BC942}") = "camera-user-input", "camera-user-input\camera-user-input.vcxproj", "{FAC71808-CAEE-408C-945E-4481311A83B2}"
EndProject
Project("{8BC9CEB8-8B4A-11D0-8D11-00A0C91BC942}") = "coloured-scene", "coloured-scene\coloured-scene.vcxproj", "{3ABAF623-BA1A-4D5F-B637-2AF32E29B44D}"
EndProject
Project("{8BC9CEB8-8B4A-11D0-8D11-00A0C91BC942}") = "lighting-ambient", "lighting-ambient\lighting-ambient.vcxproj", "{277249DC-8E9C-49E0-9B8E-F8DD5DD0BF6D}"
EndProject
Project("{8BC9CEB8-8B4A-11D0-8D11-00A0C91BC942}") = "lighting-diffuse", "lighting-diffuse\lighting-diffuse.vcxproj", "{1D7367F9-6DD0-4FF8-AF8B-560148D8992F}"
EndProject
Project("{8BC9CEB8-8B4A-11D0-8D11-00A0C91BC942}") = "lighting-diffuse-scaled-normal-vector", "lighting-diffuse-scaled-normal-vector\lighting-diffuse-scaled-normal-vector.vcxproj", "{08C722A5-14C0-45C5-88B8-B0E72DCC137C}"
EndProject
Project("{8BC9CEB8-8B4A-11D0-8D11-00A0C91BC942}") = "lighting-specular-(phong)", "lighting-specular\lighting-specular.vcxproj", "{017221A1-D693-4AE1-B56B-07FC371BD18D}"
EndProject
Project("{8BC9CEB8-8B4A-11D0-8D11-00A0C91BC942}") = "lighting-specular-(phong)-rotating", "light-specular-(phong)-rotating\light-specular-(phong)-rotating.vcxproj", "{CF49F079-1337-4752-81A1-8269D01CFC1D}"
EndProject
Project("{8BC9CEB8-8B4A-11D0-8D11-00A0C91BC942}") = "lighting-specular-(gouraud)-rotating", "lighting-specular-(gouraud)-rotating\lighting-specular-(gouraud)-rotating.vcxproj", "{39A05B0D-3589-4B22-A6CD-CEDC192E937A}"
EndProject
Project("{8BC9CEB8-8B4A-11D0-8D11-00A0C91BC942}") = "lighting-specular-(phong-view-space)-rotating", "lighting-specular-(phong-view-space)-rotating\lighting-specular-(phong-view-space)-rotating.vcxproj", "{56745E96-EE85-49D8-8DBA-9B7684F70D5F}"
EndProject
Project("{8BC9CEB8-8B4A-11D0-8D11-00A0C91BC942}") = "materials", "materials\materials.vcxproj", "{FBD2D80D-CA71-4AE3-B8AF-63BB85399137}"
EndProject
Project("{8BC9CEB8-8B4A-11D0-8D11-00A0C91BC942}") = "materials-and-light-properties", "materials-and-light-properties\materials-and-light-properties.vcxproj", "{CC6008DE-4DD7-4113-BC8E-27A1AE1BA194}"
EndProject
Project("{8BC9CEB8-8B4A-11D0-8D11-00A0C91BC942}") = "lighting-texture-maps", "lighting-maps\lighting-maps.vcxproj", "{D0655586-2211-49AE-92CC-979949CA0385}"
EndProject
Project("{8BC9CEB8-8B4A-11D0-8D11-00A0C91BC942}") = "lighting-texture-maps-(coloured)", "lighting-texture-maps-(coloured)\lighting-texture-maps-(coloured).vcxproj", "{FAC742BC-5B01-4195-8395-36744A332CA6}"
EndProject
Project("{8BC9CEB8-8B4A-11D0-8D11-00A0C91BC942}") = "light-texture-maps-(emission-map)", "light-texture-maps-(emmission-map)\light-texture-maps-(emmission-map).vcxproj", "{EDDBAB86-4CBC-41B7-BAE9-0A335FFCD390}"
EndProject
Project("{8BC9CEB8-8B4A-11D0-8D11-00A0C91BC942}") = "light-caster-directional", "light-caster-directional\light-caster-directional.vcxproj", "{25A9271C-2682-46EE-8285-3C9C0288A08B}"
EndProject
Project("{8BC9CEB8-8B4A-11D0-8D11-00A0C91BC942}") = "light-caster-point", "light-caster-point\light-caster-point.vcxproj", "{EF0B707A-B149-4272-AD13-57DD52AA0A0E}"
EndProject
Global
	GlobalSection(SolutionConfigurationPlatforms) = preSolution
		Debug|x64 = Debug|x64
		Debug|x86 = Debug|x86
		Release|x64 = Release|x64
		Release|x86 = Release|x86
	EndGlobalSection
	GlobalSection(ProjectConfigurationPlatforms) = postSolution
		{8CD424DD-9C23-4610-B111-1BEDF78277F3}.Debug|x64.ActiveCfg = Debug|x64
		{8CD424DD-9C23-4610-B111-1BEDF78277F3}.Debug|x64.Build.0 = Debug|x64
		{8CD424DD-9C23-4610-B111-1BEDF78277F3}.Debug|x86.ActiveCfg = Debug|Win32
		{8CD424DD-9C23-4610-B111-1BEDF78277F3}.Debug|x86.Build.0 = Debug|Win32
		{8CD424DD-9C23-4610-B111-1BEDF78277F3}.Release|x64.ActiveCfg = Release|x64
		{8CD424DD-9C23-4610-B111-1BEDF78277F3}.Release|x64.Build.0 = Release|x64
		{8CD424DD-9C23-4610-B111-1BEDF78277F3}.Release|x86.ActiveCfg = Release|Win32
		{8CD424DD-9C23-4610-B111-1BEDF78277F3}.Release|x86.Build.0 = Release|Win32
		{98B935D6-54CB-477A-8A56-5FA72A3461EC}.Debug|x64.ActiveCfg = Debug|x64
		{98B935D6-54CB-477A-8A56-5FA72A3461EC}.Debug|x64.Build.0 = Debug|x64
		{98B935D6-54CB-477A-8A56-5FA72A3461EC}.Debug|x86.ActiveCfg = Debug|Win32
		{98B935D6-54CB-477A-8A56-5FA72A3461EC}.Debug|x86.Build.0 = Debug|Win32
		{98B935D6-54CB-477A-8A56-5FA72A3461EC}.Release|x64.ActiveCfg = Release|x64
		{98B935D6-54CB-477A-8A56-5FA72A3461EC}.Release|x64.Build.0 = Release|x64
		{98B935D6-54CB-477A-8A56-5FA72A3461EC}.Release|x86.ActiveCfg = Release|Win32
		{98B935D6-54CB-477A-8A56-5FA72A3461EC}.Release|x86.Build.0 = Release|Win32
		{718D7B04-6B42-4487-8BA0-90D7FC5C2F7F}.Debug|x64.ActiveCfg = Debug|x64
		{718D7B04-6B42-4487-8BA0-90D7FC5C2F7F}.Debug|x64.Build.0 = Debug|x64
		{718D7B04-6B42-4487-8BA0-90D7FC5C2F7F}.Debug|x86.ActiveCfg = Debug|Win32
		{718D7B04-6B42-4487-8BA0-90D7FC5C2F7F}.Debug|x86.Build.0 = Debug|Win32
		{718D7B04-6B42-4487-8BA0-90D7FC5C2F7F}.Release|x64.ActiveCfg = Release|x64
		{718D7B04-6B42-4487-8BA0-90D7FC5C2F7F}.Release|x64.Build.0 = Release|x64
		{718D7B04-6B42-4487-8BA0-90D7FC5C2F7F}.Release|x86.ActiveCfg = Release|Win32
		{718D7B04-6B42-4487-8BA0-90D7FC5C2F7F}.Release|x86.Build.0 = Release|Win32
		{B291064C-C341-4164-95A3-890E45CEDB2D}.Debug|x64.ActiveCfg = Debug|x64
		{B291064C-C341-4164-95A3-890E45CEDB2D}.Debug|x64.Build.0 = Debug|x64
		{B291064C-C341-4164-95A3-890E45CEDB2D}.Debug|x86.ActiveCfg = Debug|Win32
		{B291064C-C341-4164-95A3-890E45CEDB2D}.Debug|x86.Build.0 = Debug|Win32
		{B291064C-C341-4164-95A3-890E45CEDB2D}.Release|x64.ActiveCfg = Release|x64
		{B291064C-C341-4164-95A3-890E45CEDB2D}.Release|x64.Build.0 = Release|x64
		{B291064C-C341-4164-95A3-890E45CEDB2D}.Release|x86.ActiveCfg = Release|Win32
		{B291064C-C341-4164-95A3-890E45CEDB2D}.Release|x86.Build.0 = Release|Win32
		{7B77FF1F-F912-48F6-87E9-23921149ADA6}.Debug|x64.ActiveCfg = Debug|x64
		{7B77FF1F-F912-48F6-87E9-23921149ADA6}.Debug|x64.Build.0 = Debug|x64
		{7B77FF1F-F912-48F6-87E9-23921149ADA6}.Debug|x86.ActiveCfg = Debug|Win32
		{7B77FF1F-F912-48F6-87E9-23921149ADA6}.Debug|x86.Build.0 = Debug|Win32
		{7B77FF1F-F912-48F6-87E9-23921149ADA6}.Release|x64.ActiveCfg = Release|x64
		{7B77FF1F-F912-48F6-87E9-23921149ADA6}.Release|x64.Build.0 = Release|x64
		{7B77FF1F-F912-48F6-87E9-23921149ADA6}.Release|x86.ActiveCfg = Release|Win32
		{7B77FF1F-F912-48F6-87E9-23921149ADA6}.Release|x86.Build.0 = Release|Win32
		{1B736499-227D-49C7-8971-D9ADCE30FE1E}.Debug|x64.ActiveCfg = Debug|x64
		{1B736499-227D-49C7-8971-D9ADCE30FE1E}.Debug|x64.Build.0 = Debug|x64
		{1B736499-227D-49C7-8971-D9ADCE30FE1E}.Debug|x86.ActiveCfg = Debug|Win32
		{1B736499-227D-49C7-8971-D9ADCE30FE1E}.Debug|x86.Build.0 = Debug|Win32
		{1B736499-227D-49C7-8971-D9ADCE30FE1E}.Release|x64.ActiveCfg = Release|x64
		{1B736499-227D-49C7-8971-D9ADCE30FE1E}.Release|x64.Build.0 = Release|x64
		{1B736499-227D-49C7-8971-D9ADCE30FE1E}.Release|x86.ActiveCfg = Release|Win32
		{1B736499-227D-49C7-8971-D9ADCE30FE1E}.Release|x86.Build.0 = Release|Win32
		{12C5D86B-45E6-4B5A-B9DF-6A830F7625DB}.Debug|x64.ActiveCfg = Debug|x64
		{12C5D86B-45E6-4B5A-B9DF-6A830F7625DB}.Debug|x64.Build.0 = Debug|x64
		{12C5D86B-45E6-4B5A-B9DF-6A830F7625DB}.Debug|x86.ActiveCfg = Debug|Win32
		{12C5D86B-45E6-4B5A-B9DF-6A830F7625DB}.Debug|x86.Build.0 = Debug|Win32
		{12C5D86B-45E6-4B5A-B9DF-6A830F7625DB}.Release|x64.ActiveCfg = Release|x64
		{12C5D86B-45E6-4B5A-B9DF-6A830F7625DB}.Release|x64.Build.0 = Release|x64
		{12C5D86B-45E6-4B5A-B9DF-6A830F7625DB}.Release|x86.ActiveCfg = Release|Win32
		{12C5D86B-45E6-4B5A-B9DF-6A830F7625DB}.Release|x86.Build.0 = Release|Win32
		{DD2BCF57-D4B0-40C3-A197-7A2C47D9584A}.Debug|x64.ActiveCfg = Debug|x64
		{DD2BCF57-D4B0-40C3-A197-7A2C47D9584A}.Debug|x64.Build.0 = Debug|x64
		{DD2BCF57-D4B0-40C3-A197-7A2C47D9584A}.Debug|x86.ActiveCfg = Debug|Win32
		{DD2BCF57-D4B0-40C3-A197-7A2C47D9584A}.Debug|x86.Build.0 = Debug|Win32
		{DD2BCF57-D4B0-40C3-A197-7A2C47D9584A}.Release|x64.ActiveCfg = Release|x64
		{DD2BCF57-D4B0-40C3-A197-7A2C47D9584A}.Release|x64.Build.0 = Release|x64
		{DD2BCF57-D4B0-40C3-A197-7A2C47D9584A}.Release|x86.ActiveCfg = Release|Win32
		{DD2BCF57-D4B0-40C3-A197-7A2C47D9584A}.Release|x86.Build.0 = Release|Win32
		{DF2CB549-0EEC-4023-856E-EFC8D4FD90C5}.Debug|x64.ActiveCfg = Debug|x64
		{DF2CB549-0EEC-4023-856E-EFC8D4FD90C5}.Debug|x64.Build.0 = Debug|x64
		{DF2CB549-0EEC-4023-856E-EFC8D4FD90C5}.Debug|x86.ActiveCfg = Debug|Win32
		{DF2CB549-0EEC-4023-856E-EFC8D4FD90C5}.Debug|x86.Build.0 = Debug|Win32
		{DF2CB549-0EEC-4023-856E-EFC8D4FD90C5}.Release|x64.ActiveCfg = Release|x64
		{DF2CB549-0EEC-4023-856E-EFC8D4FD90C5}.Release|x64.Build.0 = Release|x64
		{DF2CB549-0EEC-4023-856E-EFC8D4FD90C5}.Release|x86.ActiveCfg = Release|Win32
		{DF2CB549-0EEC-4023-856E-EFC8D4FD90C5}.Release|x86.Build.0 = Release|Win32
		{A1D4B3A5-3F8A-4D47-A058-4B1FC6EDAC17}.Debug|x64.ActiveCfg = Debug|x64
		{A1D4B3A5-3F8A-4D47-A058-4B1FC6EDAC17}.Debug|x64.Build.0 = Debug|x64
		{A1D4B3A5-3F8A-4D47-A058-4B1FC6EDAC17}.Debug|x86.ActiveCfg = Debug|Win32
		{A1D4B3A5-3F8A-4D47-A058-4B1FC6EDAC17}.Debug|x86.Build.0 = Debug|Win32
		{A1D4B3A5-3F8A-4D47-A058-4B1FC6EDAC17}.Release|x64.ActiveCfg = Release|x64
		{A1D4B3A5-3F8A-4D47-A058-4B1FC6EDAC17}.Release|x64.Build.0 = Release|x64
		{A1D4B3A5-3F8A-4D47-A058-4B1FC6EDAC17}.Release|x86.ActiveCfg = Release|Win32
		{A1D4B3A5-3F8A-4D47-A058-4B1FC6EDAC17}.Release|x86.Build.0 = Release|Win32
		{7EE27331-B5F6-4FE8-B6DB-FCFC5A9D1362}.Debug|x64.ActiveCfg = Debug|x64
		{7EE27331-B5F6-4FE8-B6DB-FCFC5A9D1362}.Debug|x64.Build.0 = Debug|x64
		{7EE27331-B5F6-4FE8-B6DB-FCFC5A9D1362}.Debug|x86.ActiveCfg = Debug|Win32
		{7EE27331-B5F6-4FE8-B6DB-FCFC5A9D1362}.Debug|x86.Build.0 = Debug|Win32
		{7EE27331-B5F6-4FE8-B6DB-FCFC5A9D1362}.Release|x64.ActiveCfg = Release|x64
		{7EE27331-B5F6-4FE8-B6DB-FCFC5A9D1362}.Release|x64.Build.0 = Release|x64
		{7EE27331-B5F6-4FE8-B6DB-FCFC5A9D1362}.Release|x86.ActiveCfg = Release|Win32
		{7EE27331-B5F6-4FE8-B6DB-FCFC5A9D1362}.Release|x86.Build.0 = Release|Win32
		{F3D16DFA-AF1A-4660-9770-DB31EAD7BFC4}.Debug|x64.ActiveCfg = Debug|x64
		{F3D16DFA-AF1A-4660-9770-DB31EAD7BFC4}.Debug|x64.Build.0 = Debug|x64
		{F3D16DFA-AF1A-4660-9770-DB31EAD7BFC4}.Debug|x86.ActiveCfg = Debug|Win32
		{F3D16DFA-AF1A-4660-9770-DB31EAD7BFC4}.Debug|x86.Build.0 = Debug|Win32
		{F3D16DFA-AF1A-4660-9770-DB31EAD7BFC4}.Release|x64.ActiveCfg = Release|x64
		{F3D16DFA-AF1A-4660-9770-DB31EAD7BFC4}.Release|x64.Build.0 = Release|x64
		{F3D16DFA-AF1A-4660-9770-DB31EAD7BFC4}.Release|x86.ActiveCfg = Release|Win32
		{F3D16DFA-AF1A-4660-9770-DB31EAD7BFC4}.Release|x86.Build.0 = Release|Win32
		{AE66E88A-DFE6-43F6-929D-549C5064907D}.Debug|x64.ActiveCfg = Debug|x64
		{AE66E88A-DFE6-43F6-929D-549C5064907D}.Debug|x64.Build.0 = Debug|x64
		{AE66E88A-DFE6-43F6-929D-549C5064907D}.Debug|x86.ActiveCfg = Debug|Win32
		{AE66E88A-DFE6-43F6-929D-549C5064907D}.Debug|x86.Build.0 = Debug|Win32
		{AE66E88A-DFE6-43F6-929D-549C5064907D}.Release|x64.ActiveCfg = Release|x64
		{AE66E88A-DFE6-43F6-929D-549C5064907D}.Release|x64.Build.0 = Release|x64
		{AE66E88A-DFE6-43F6-929D-549C5064907D}.Release|x86.ActiveCfg = Release|Win32
		{AE66E88A-DFE6-43F6-929D-549C5064907D}.Release|x86.Build.0 = Release|Win32
		{1825A6A1-987D-4610-A805-1D54848A123E}.Debug|x64.ActiveCfg = Debug|x64
		{1825A6A1-987D-4610-A805-1D54848A123E}.Debug|x64.Build.0 = Debug|x64
		{1825A6A1-987D-4610-A805-1D54848A123E}.Debug|x86.ActiveCfg = Debug|Win32
		{1825A6A1-987D-4610-A805-1D54848A123E}.Debug|x86.Build.0 = Debug|Win32
		{1825A6A1-987D-4610-A805-1D54848A123E}.Release|x64.ActiveCfg = Release|x64
		{1825A6A1-987D-4610-A805-1D54848A123E}.Release|x64.Build.0 = Release|x64
		{1825A6A1-987D-4610-A805-1D54848A123E}.Release|x86.ActiveCfg = Release|Win32
		{1825A6A1-987D-4610-A805-1D54848A123E}.Release|x86.Build.0 = Release|Win32
		{F4E8A95B-8569-45FB-BC4E-980521901741}.Debug|x64.ActiveCfg = Debug|x64
		{F4E8A95B-8569-45FB-BC4E-980521901741}.Debug|x64.Build.0 = Debug|x64
		{F4E8A95B-8569-45FB-BC4E-980521901741}.Debug|x86.ActiveCfg = Debug|Win32
		{F4E8A95B-8569-45FB-BC4E-980521901741}.Debug|x86.Build.0 = Debug|Win32
		{F4E8A95B-8569-45FB-BC4E-980521901741}.Release|x64.ActiveCfg = Release|x64
		{F4E8A95B-8569-45FB-BC4E-980521901741}.Release|x64.Build.0 = Release|x64
		{F4E8A95B-8569-45FB-BC4E-980521901741}.Release|x86.ActiveCfg = Release|Win32
		{F4E8A95B-8569-45FB-BC4E-980521901741}.Release|x86.Build.0 = Release|Win32
		{03688367-35E4-4801-B4A4-30C4772A25FD}.Debug|x64.ActiveCfg = Debug|x64
		{03688367-35E4-4801-B4A4-30C4772A25FD}.Debug|x64.Build.0 = Debug|x64
		{03688367-35E4-4801-B4A4-30C4772A25FD}.Debug|x86.ActiveCfg = Debug|Win32
		{03688367-35E4-4801-B4A4-30C4772A25FD}.Debug|x86.Build.0 = Debug|Win32
		{03688367-35E4-4801-B4A4-30C4772A25FD}.Release|x64.ActiveCfg = Release|x64
		{03688367-35E4-4801-B4A4-30C4772A25FD}.Release|x64.Build.0 = Release|x64
		{03688367-35E4-4801-B4A4-30C4772A25FD}.Release|x86.ActiveCfg = Release|Win32
		{03688367-35E4-4801-B4A4-30C4772A25FD}.Release|x86.Build.0 = Release|Win32
		{B551A1F8-88E7-4A89-BAA5-5977193980CA}.Debug|x64.ActiveCfg = Debug|x64
		{B551A1F8-88E7-4A89-BAA5-5977193980CA}.Debug|x64.Build.0 = Debug|x64
		{B551A1F8-88E7-4A89-BAA5-5977193980CA}.Debug|x86.ActiveCfg = Debug|Win32
		{B551A1F8-88E7-4A89-BAA5-5977193980CA}.Debug|x86.Build.0 = Debug|Win32
		{B551A1F8-88E7-4A89-BAA5-5977193980CA}.Release|x64.ActiveCfg = Release|x64
		{B551A1F8-88E7-4A89-BAA5-5977193980CA}.Release|x64.Build.0 = Release|x64
		{B551A1F8-88E7-4A89-BAA5-5977193980CA}.Release|x86.ActiveCfg = Release|Win32
		{B551A1F8-88E7-4A89-BAA5-5977193980CA}.Release|x86.Build.0 = Release|Win32
		{8961BEB5-DAE5-4DBA-BD83-2D2CF7CA9596}.Debug|x64.ActiveCfg = Debug|x64
		{8961BEB5-DAE5-4DBA-BD83-2D2CF7CA9596}.Debug|x64.Build.0 = Debug|x64
		{8961BEB5-DAE5-4DBA-BD83-2D2CF7CA9596}.Debug|x86.ActiveCfg = Debug|Win32
		{8961BEB5-DAE5-4DBA-BD83-2D2CF7CA9596}.Debug|x86.Build.0 = Debug|Win32
		{8961BEB5-DAE5-4DBA-BD83-2D2CF7CA9596}.Release|x64.ActiveCfg = Release|x64
		{8961BEB5-DAE5-4DBA-BD83-2D2CF7CA9596}.Release|x64.Build.0 = Release|x64
		{8961BEB5-DAE5-4DBA-BD83-2D2CF7CA9596}.Release|x86.ActiveCfg = Release|Win32
		{8961BEB5-DAE5-4DBA-BD83-2D2CF7CA9596}.Release|x86.Build.0 = Release|Win32
		{F50949E0-BCDD-410B-BD4D-FFE9BE16288C}.Debug|x64.ActiveCfg = Debug|x64
		{F50949E0-BCDD-410B-BD4D-FFE9BE16288C}.Debug|x64.Build.0 = Debug|x64
		{F50949E0-BCDD-410B-BD4D-FFE9BE16288C}.Debug|x86.ActiveCfg = Debug|Win32
		{F50949E0-BCDD-410B-BD4D-FFE9BE16288C}.Debug|x86.Build.0 = Debug|Win32
		{F50949E0-BCDD-410B-BD4D-FFE9BE16288C}.Release|x64.ActiveCfg = Release|x64
		{F50949E0-BCDD-410B-BD4D-FFE9BE16288C}.Release|x64.Build.0 = Release|x64
		{F50949E0-BCDD-410B-BD4D-FFE9BE16288C}.Release|x86.ActiveCfg = Release|Win32
		{F50949E0-BCDD-410B-BD4D-FFE9BE16288C}.Release|x86.Build.0 = Release|Win32
		{016A4A29-E1C1-4B04-A6DB-9A79416BD2A0}.Debug|x64.ActiveCfg = Debug|x64
		{016A4A29-E1C1-4B04-A6DB-9A79416BD2A0}.Debug|x64.Build.0 = Debug|x64
		{016A4A29-E1C1-4B04-A6DB-9A79416BD2A0}.Debug|x86.ActiveCfg = Debug|Win32
		{016A4A29-E1C1-4B04-A6DB-9A79416BD2A0}.Debug|x86.Build.0 = Debug|Win32
		{016A4A29-E1C1-4B04-A6DB-9A79416BD2A0}.Release|x64.ActiveCfg = Release|x64
		{016A4A29-E1C1-4B04-A6DB-9A79416BD2A0}.Release|x64.Build.0 = Release|x64
		{016A4A29-E1C1-4B04-A6DB-9A79416BD2A0}.Release|x86.ActiveCfg = Release|Win32
		{016A4A29-E1C1-4B04-A6DB-9A79416BD2A0}.Release|x86.Build.0 = Release|Win32
		{4C7E0ABD-83B0-44B3-955A-413EB946E64F}.Debug|x64.ActiveCfg = Debug|x64
		{4C7E0ABD-83B0-44B3-955A-413EB946E64F}.Debug|x64.Build.0 = Debug|x64
		{4C7E0ABD-83B0-44B3-955A-413EB946E64F}.Debug|x86.ActiveCfg = Debug|Win32
		{4C7E0ABD-83B0-44B3-955A-413EB946E64F}.Debug|x86.Build.0 = Debug|Win32
		{4C7E0ABD-83B0-44B3-955A-413EB946E64F}.Release|x64.ActiveCfg = Release|x64
		{4C7E0ABD-83B0-44B3-955A-413EB946E64F}.Release|x64.Build.0 = Release|x64
		{4C7E0ABD-83B0-44B3-955A-413EB946E64F}.Release|x86.ActiveCfg = Release|Win32
		{4C7E0ABD-83B0-44B3-955A-413EB946E64F}.Release|x86.Build.0 = Release|Win32
		{EC277FC7-A07A-4495-8E5A-C68BC75AD73B}.Debug|x64.ActiveCfg = Debug|x64
		{EC277FC7-A07A-4495-8E5A-C68BC75AD73B}.Debug|x64.Build.0 = Debug|x64
		{EC277FC7-A07A-4495-8E5A-C68BC75AD73B}.Debug|x86.ActiveCfg = Debug|Win32
		{EC277FC7-A07A-4495-8E5A-C68BC75AD73B}.Debug|x86.Build.0 = Debug|Win32
		{EC277FC7-A07A-4495-8E5A-C68BC75AD73B}.Release|x64.ActiveCfg = Release|x64
		{EC277FC7-A07A-4495-8E5A-C68BC75AD73B}.Release|x64.Build.0 = Release|x64
		{EC277FC7-A07A-4495-8E5A-C68BC75AD73B}.Release|x86.ActiveCfg = Release|Win32
		{EC277FC7-A07A-4495-8E5A-C68BC75AD73B}.Release|x86.Build.0 = Release|Win32
		{77E818CD-2EED-429F-8B84-75B80EB53297}.Debug|x64.ActiveCfg = Debug|x64
		{77E818CD-2EED-429F-8B84-75B80EB53297}.Debug|x64.Build.0 = Debug|x64
		{77E818CD-2EED-429F-8B84-75B80EB53297}.Debug|x86.ActiveCfg = Debug|Win32
		{77E818CD-2EED-429F-8B84-75B80EB53297}.Debug|x86.Build.0 = Debug|Win32
		{77E818CD-2EED-429F-8B84-75B80EB53297}.Release|x64.ActiveCfg = Release|x64
		{77E818CD-2EED-429F-8B84-75B80EB53297}.Release|x64.Build.0 = Release|x64
		{77E818CD-2EED-429F-8B84-75B80EB53297}.Release|x86.ActiveCfg = Release|Win32
		{77E818CD-2EED-429F-8B84-75B80EB53297}.Release|x86.Build.0 = Release|Win32
		{FAC71808-CAEE-408C-945E-4481311A83B2}.Debug|x64.ActiveCfg = Debug|x64
		{FAC71808-CAEE-408C-945E-4481311A83B2}.Debug|x64.Build.0 = Debug|x64
		{FAC71808-CAEE-408C-945E-4481311A83B2}.Debug|x86.ActiveCfg = Debug|Win32
		{FAC71808-CAEE-408C-945E-4481311A83B2}.Debug|x86.Build.0 = Debug|Win32
		{FAC71808-CAEE-408C-945E-4481311A83B2}.Release|x64.ActiveCfg = Release|x64
		{FAC71808-CAEE-408C-945E-4481311A83B2}.Release|x64.Build.0 = Release|x64
		{FAC71808-CAEE-408C-945E-4481311A83B2}.Release|x86.ActiveCfg = Release|Win32
		{FAC71808-CAEE-408C-945E-4481311A83B2}.Release|x86.Build.0 = Release|Win32
		{3ABAF623-BA1A-4D5F-B637-2AF32E29B44D}.Debug|x64.ActiveCfg = Debug|x64
		{3ABAF623-BA1A-4D5F-B637-2AF32E29B44D}.Debug|x64.Build.0 = Debug|x64
		{3ABAF623-BA1A-4D5F-B637-2AF32E29B44D}.Debug|x86.ActiveCfg = Debug|Win32
		{3ABAF623-BA1A-4D5F-B637-2AF32E29B44D}.Debug|x86.Build.0 = Debug|Win32
		{3ABAF623-BA1A-4D5F-B637-2AF32E29B44D}.Release|x64.ActiveCfg = Release|x64
		{3ABAF623-BA1A-4D5F-B637-2AF32E29B44D}.Release|x64.Build.0 = Release|x64
		{3ABAF623-BA1A-4D5F-B637-2AF32E29B44D}.Release|x86.ActiveCfg = Release|Win32
		{3ABAF623-BA1A-4D5F-B637-2AF32E29B44D}.Release|x86.Build.0 = Release|Win32
		{277249DC-8E9C-49E0-9B8E-F8DD5DD0BF6D}.Debug|x64.ActiveCfg = Debug|x64
		{277249DC-8E9C-49E0-9B8E-F8DD5DD0BF6D}.Debug|x64.Build.0 = Debug|x64
		{277249DC-8E9C-49E0-9B8E-F8DD5DD0BF6D}.Debug|x86.ActiveCfg = Debug|Win32
		{277249DC-8E9C-49E0-9B8E-F8DD5DD0BF6D}.Debug|x86.Build.0 = Debug|Win32
		{277249DC-8E9C-49E0-9B8E-F8DD5DD0BF6D}.Release|x64.ActiveCfg = Release|x64
		{277249DC-8E9C-49E0-9B8E-F8DD5DD0BF6D}.Release|x64.Build.0 = Release|x64
		{277249DC-8E9C-49E0-9B8E-F8DD5DD0BF6D}.Release|x86.ActiveCfg = Release|Win32
		{277249DC-8E9C-49E0-9B8E-F8DD5DD0BF6D}.Release|x86.Build.0 = Release|Win32
		{1D7367F9-6DD0-4FF8-AF8B-560148D8992F}.Debug|x64.ActiveCfg = Debug|x64
		{1D7367F9-6DD0-4FF8-AF8B-560148D8992F}.Debug|x64.Build.0 = Debug|x64
		{1D7367F9-6DD0-4FF8-AF8B-560148D8992F}.Debug|x86.ActiveCfg = Debug|Win32
		{1D7367F9-6DD0-4FF8-AF8B-560148D8992F}.Debug|x86.Build.0 = Debug|Win32
		{1D7367F9-6DD0-4FF8-AF8B-560148D8992F}.Release|x64.ActiveCfg = Release|x64
		{1D7367F9-6DD0-4FF8-AF8B-560148D8992F}.Release|x64.Build.0 = Release|x64
		{1D7367F9-6DD0-4FF8-AF8B-560148D8992F}.Release|x86.ActiveCfg = Release|Win32
		{1D7367F9-6DD0-4FF8-AF8B-560148D8992F}.Release|x86.Build.0 = Release|Win32
		{08C722A5-14C0-45C5-88B8-B0E72DCC137C}.Debug|x64.ActiveCfg = Debug|x64
		{08C722A5-14C0-45C5-88B8-B0E72DCC137C}.Debug|x64.Build.0 = Debug|x64
		{08C722A5-14C0-45C5-88B8-B0E72DCC137C}.Debug|x86.ActiveCfg = Debug|Win32
		{08C722A5-14C0-45C5-88B8-B0E72DCC137C}.Debug|x86.Build.0 = Debug|Win32
		{08C722A5-14C0-45C5-88B8-B0E72DCC137C}.Release|x64.ActiveCfg = Release|x64
		{08C722A5-14C0-45C5-88B8-B0E72DCC137C}.Release|x64.Build.0 = Release|x64
		{08C722A5-14C0-45C5-88B8-B0E72DCC137C}.Release|x86.ActiveCfg = Release|Win32
		{08C722A5-14C0-45C5-88B8-B0E72DCC137C}.Release|x86.Build.0 = Release|Win32
		{017221A1-D693-4AE1-B56B-07FC371BD18D}.Debug|x64.ActiveCfg = Debug|x64
		{017221A1-D693-4AE1-B56B-07FC371BD18D}.Debug|x64.Build.0 = Debug|x64
		{017221A1-D693-4AE1-B56B-07FC371BD18D}.Debug|x86.ActiveCfg = Debug|Win32
		{017221A1-D693-4AE1-B56B-07FC371BD18D}.Debug|x86.Build.0 = Debug|Win32
		{017221A1-D693-4AE1-B56B-07FC371BD18D}.Release|x64.ActiveCfg = Release|x64
		{017221A1-D693-4AE1-B56B-07FC371BD18D}.Release|x64.Build.0 = Release|x64
		{017221A1-D693-4AE1-B56B-07FC371BD18D}.Release|x86.ActiveCfg = Release|Win32
		{017221A1-D693-4AE1-B56B-07FC371BD18D}.Release|x86.Build.0 = Release|Win32
		{CF49F079-1337-4752-81A1-8269D01CFC1D}.Debug|x64.ActiveCfg = Debug|x64
		{CF49F079-1337-4752-81A1-8269D01CFC1D}.Debug|x64.Build.0 = Debug|x64
		{CF49F079-1337-4752-81A1-8269D01CFC1D}.Debug|x86.ActiveCfg = Debug|Win32
		{CF49F079-1337-4752-81A1-8269D01CFC1D}.Debug|x86.Build.0 = Debug|Win32
		{CF49F079-1337-4752-81A1-8269D01CFC1D}.Release|x64.ActiveCfg = Release|x64
		{CF49F079-1337-4752-81A1-8269D01CFC1D}.Release|x64.Build.0 = Release|x64
		{CF49F079-1337-4752-81A1-8269D01CFC1D}.Release|x86.ActiveCfg = Release|Win32
		{CF49F079-1337-4752-81A1-8269D01CFC1D}.Release|x86.Build.0 = Release|Win32
		{39A05B0D-3589-4B22-A6CD-CEDC192E937A}.Debug|x64.ActiveCfg = Debug|x64
		{39A05B0D-3589-4B22-A6CD-CEDC192E937A}.Debug|x64.Build.0 = Debug|x64
		{39A05B0D-3589-4B22-A6CD-CEDC192E937A}.Debug|x86.ActiveCfg = Debug|Win32
		{39A05B0D-3589-4B22-A6CD-CEDC192E937A}.Debug|x86.Build.0 = Debug|Win32
		{39A05B0D-3589-4B22-A6CD-CEDC192E937A}.Release|x64.ActiveCfg = Release|x64
		{39A05B0D-3589-4B22-A6CD-CEDC192E937A}.Release|x64.Build.0 = Release|x64
		{39A05B0D-3589-4B22-A6CD-CEDC192E937A}.Release|x86.ActiveCfg = Release|Win32
		{39A05B0D-3589-4B22-A6CD-CEDC192E937A}.Release|x86.Build.0 = Release|Win32
		{56745E96-EE85-49D8-8DBA-9B7684F70D5F}.Debug|x64.ActiveCfg = Debug|x64
		{56745E96-EE85-49D8-8DBA-9B7684F70D5F}.Debug|x64.Build.0 = Debug|x64
		{56745E96-EE85-49D8-8DBA-9B7684F70D5F}.Debug|x86.ActiveCfg = Debug|Win32
		{56745E96-EE85-49D8-8DBA-9B7684F70D5F}.Debug|x86.Build.0 = Debug|Win32
		{56745E96-EE85-49D8-8DBA-9B7684F70D5F}.Release|x64.ActiveCfg = Release|x64
		{56745E96-EE85-49D8-8DBA-9B7684F70D5F}.Release|x64.Build.0 = Release|x64
		{56745E96-EE85-49D8-8DBA-9B7684F70D5F}.Release|x86.ActiveCfg = Release|Win32
		{56745E96-EE85-49D8-8DBA-9B7684F70D5F}.Release|x86.Build.0 = Release|Win32
		{FBD2D80D-CA71-4AE3-B8AF-63BB85399137}.Debug|x64.ActiveCfg = Debug|x64
		{FBD2D80D-CA71-4AE3-B8AF-63BB85399137}.Debug|x64.Build.0 = Debug|x64
		{FBD2D80D-CA71-4AE3-B8AF-63BB85399137}.Debug|x86.ActiveCfg = Debug|Win32
		{FBD2D80D-CA71-4AE3-B8AF-63BB85399137}.Debug|x86.Build.0 = Debug|Win32
		{FBD2D80D-CA71-4AE3-B8AF-63BB85399137}.Release|x64.ActiveCfg = Release|x64
		{FBD2D80D-CA71-4AE3-B8AF-63BB85399137}.Release|x64.Build.0 = Release|x64
		{FBD2D80D-CA71-4AE3-B8AF-63BB85399137}.Release|x86.ActiveCfg = Release|Win32
		{FBD2D80D-CA71-4AE3-B8AF-63BB85399137}.Release|x86.Build.0 = Release|Win32
		{CC6008DE-4DD7-4113-BC8E-27A1AE1BA194}.Debug|x64.ActiveCfg = Debug|x64
		{CC6008DE-4DD7-4113-BC8E-27A1AE1BA194}.Debug|x64.Build.0 = Debug|x64
		{CC6008DE-4DD7-4113-BC8E-27A1AE1BA194}.Debug|x86.ActiveCfg = Debug|Win32
		{CC6008DE-4DD7-4113-BC8E-27A1AE1BA194}.Debug|x86.Build.0 = Debug|Win32
		{CC6008DE-4DD7-4113-BC8E-27A1AE1BA194}.Release|x64.ActiveCfg = Release|x64
		{CC6008DE-4DD7-4113-BC8E-27A1AE1BA194}.Release|x64.Build.0 = Release|x64
		{CC6008DE-4DD7-4113-BC8E-27A1AE1BA194}.Release|x86.ActiveCfg = Release|Win32
		{CC6008DE-4DD7-4113-BC8E-27A1AE1BA194}.Release|x86.Build.0 = Release|Win32
		{D0655586-2211-49AE-92CC-979949CA0385}.Debug|x64.ActiveCfg = Debug|x64
		{D0655586-2211-49AE-92CC-979949CA0385}.Debug|x64.Build.0 = Debug|x64
		{D0655586-2211-49AE-92CC-979949CA0385}.Debug|x86.ActiveCfg = Debug|Win32
		{D0655586-2211-49AE-92CC-979949CA0385}.Debug|x86.Build.0 = Debug|Win32
		{D0655586-2211-49AE-92CC-979949CA0385}.Release|x64.ActiveCfg = Release|x64
		{D0655586-2211-49AE-92CC-979949CA0385}.Release|x64.Build.0 = Release|x64
		{D0655586-2211-49AE-92CC-979949CA0385}.Release|x86.ActiveCfg = Release|Win32
		{D0655586-2211-49AE-92CC-979949CA0385}.Release|x86.Build.0 = Release|Win32
		{FAC742BC-5B01-4195-8395-36744A332CA6}.Debug|x64.ActiveCfg = Debug|x64
		{FAC742BC-5B01-4195-8395-36744A332CA6}.Debug|x64.Build.0 = Debug|x64
		{FAC742BC-5B01-4195-8395-36744A332CA6}.Debug|x86.ActiveCfg = Debug|Win32
		{FAC742BC-5B01-4195-8395-36744A332CA6}.Debug|x86.Build.0 = Debug|Win32
		{FAC742BC-5B01-4195-8395-36744A332CA6}.Release|x64.ActiveCfg = Release|x64
		{FAC742BC-5B01-4195-8395-36744A332CA6}.Release|x64.Build.0 = Release|x64
		{FAC742BC-5B01-4195-8395-36744A332CA6}.Release|x86.ActiveCfg = Release|Win32
		{FAC742BC-5B01-4195-8395-36744A332CA6}.Release|x86.Build.0 = Release|Win32
		{EDDBAB86-4CBC-41B7-BAE9-0A335FFCD390}.Debug|x64.ActiveCfg = Debug|x64
		{EDDBAB86-4CBC-41B7-BAE9-0A335FFCD390}.Debug|x64.Build.0 = Debug|x64
		{EDDBAB86-4CBC-41B7-BAE9-0A335FFCD390}.Debug|x86.ActiveCfg = Debug|Win32
		{EDDBAB86-4CBC-41B7-BAE9-0A335FFCD390}.Debug|x86.Build.0 = Debug|Win32
		{EDDBAB86-4CBC-41B7-BAE9-0A335FFCD390}.Release|x64.ActiveCfg = Release|x64
		{EDDBAB86-4CBC-41B7-BAE9-0A335FFCD390}.Release|x64.Build.0 = Release|x64
		{EDDBAB86-4CBC-41B7-BAE9-0A335FFCD390}.Release|x86.ActiveCfg = Release|Win32
		{EDDBAB86-4CBC-41B7-BAE9-0A335FFCD390}.Release|x86.Build.0 = Release|Win32
		{25A9271C-2682-46EE-8285-3C9C0288A08B}.Debug|x64.ActiveCfg = Debug|x64
		{25A9271C-2682-46EE-8285-3C9C0288A08B}.Debug|x64.Build.0 = Debug|x64
		{25A9271C-2682-46EE-8285-3C9C0288A08B}.Debug|x86.ActiveCfg = Debug|Win32
		{25A9271C-2682-46EE-8285-3C9C0288A08B}.Debug|x86.Build.0 = Debug|Win32
		{25A9271C-2682-46EE-8285-3C9C0288A08B}.Release|x64.ActiveCfg = Release|x64
		{25A9271C-2682-46EE-8285-3C9C0288A08B}.Release|x64.Build.0 = Release|x64
		{25A9271C-2682-46EE-8285-3C9C0288A08B}.Release|x86.ActiveCfg = Release|Win32
		{25A9271C-2682-46EE-8285-3C9C0288A08B}.Release|x86.Build.0 = Release|Win32
		{EF0B707A-B149-4272-AD13-57DD52AA0A0E}.Debug|x64.ActiveCfg = Debug|x64
		{EF0B707A-B149-4272-AD13-57DD52AA0A0E}.Debug|x64.Build.0 = Debug|x64
		{EF0B707A-B149-4272-AD13-57DD52AA0A0E}.Debug|x86.ActiveCfg = Debug|Win32
		{EF0B707A-B149-4272-AD13-57DD52AA0A0E}.Debug|x86.Build.0 = Debug|Win32
		{EF0B707A-B149-4272-AD13-57DD52AA0A0E}.Release|x64.ActiveCfg = Release|x64
		{EF0B707A-B149-4272-AD13-57DD52AA0A0E}.Release|x64.Build.0 = Release|x64
		{EF0B707A-B149-4272-AD13-57DD52AA0A0E}.Release|x86.ActiveCfg = Release|Win32
		{EF0B707A-B149-4272-AD13-57DD52AA0A0E}.Release|x86.Build.0 = Release|Win32
	EndGlobalSection
	GlobalSection(SolutionProperties) = preSolution
		HideSolutionNode = FALSE
	EndGlobalSection
	GlobalSection(ExtensibilityGlobals) = postSolution
		SolutionGuid = {AB139042-15B6-466B-A674-CF5D9547D4D2}
	EndGlobalSection
EndGlobal
